PODS:
  - Alamofire (5.0.0-beta.7)
  - AlamofireImage (4.0.0-beta.3):
    - Alamofire (~> 5.0.0-beta.6)
  - Differentiator (4.0.1)
  - Moya/Core (14.0.0-alpha.2):
    - Alamofire (= 5.0.0-beta.7)
  - Moya/RxSwift (14.0.0-alpha.2):
    - Moya/Core
    - RxSwift (~> 5.0)
  - Pulley (2.7.0)
  - RxBinding (0.3.1):
    - RxCocoa (~> 5)
    - RxSwift (~> 5)
  - RxCocoa (5.0.0):
    - RxRelay (~> 5)
    - RxSwift (~> 5)
  - RxCoreLocation (1.4.0):
    - RxCoreLocation/Core (= 1.4.0)
  - RxCoreLocation/Core (1.4.0):
    - RxCocoa (~> 5.0)
    - RxSwift (~> 5.0)
  - RxDataSources (4.0.1):
    - Differentiator (~> 4.0)
    - RxCocoa (~> 5.0)
    - RxSwift (~> 5.0)
  - RxGesture (3.0.0):
    - RxCocoa (~> 5.0)
    - RxSwift (~> 5.0)
  - RxOptional (4.0.0):
    - RxCocoa (~> 5)
    - RxSwift (~> 5)
  - RxRelay (5.0.0):
    - RxSwift (~> 5)
  - RxSwift (5.0.0)
  - SnapKit (5.0.1)
  - Then (2.5.0)

DEPENDENCIES:
  - AlamofireImage (= 4.0.0-beta.3)
  - Moya/RxSwift (= 14.0.0-alpha.2)
  - Pulley
  - RxBinding
  - RxCocoa
  - RxCoreLocation
  - RxDataSources
  - RxGesture
  - RxOptional
  - RxSwift
  - SnapKit
  - Then

SPEC REPOS:
  https://github.com/cocoapods/specs.git:
    - Alamofire
    - AlamofireImage
    - Differentiator
    - Moya
    - Pulley
    - RxBinding
    - RxCocoa
    - RxCoreLocation
    - RxDataSources
    - RxGesture
    - RxOptional
    - RxRelay
    - RxSwift
    - SnapKit
    - Then

SPEC CHECKSUMS:
  Alamofire: bd07938ceecad59d2492aeecb1f785a8f2721160
  AlamofireImage: 980b4eccaed1fa559d78bc479d067ff89d23bc95
  Differentiator: 886080237d9f87f322641dedbc5be257061b0602
  Moya: a6f1894cf6baec301aa02b0ecf10e5d8ade556ae
  Pulley: 028ddcc7d2dcbc078d71b61b7eee8e786d72c14a
  RxBinding: 58be2cf1311165489a66eacb4a3e33932d598a53
  RxCocoa: fcf32050ac00d801f34a7f71d5e8e7f23026dcd8
  RxCoreLocation: ac3a3d97dc5f4e779058f43c9327534f1e3fb95a
  RxDataSources: efee07fa4de48477eca0a4611e6d11e2da9c1114
  RxGesture: 0cd8e37ff9a266e1c31f46bcaed6de1c536bc81e
  RxOptional: 9904e2219d59260c3c171273d475b2126de187e8
  RxRelay: 4f7409406a51a55cd88483f21ed898c234d60f18
  RxSwift: 8b0671caa829a763bbce7271095859121cbd895f
  SnapKit: 97b92857e3df3a0c71833cce143274bf6ef8e5eb
  Then: 0157115e883545c77967b452fe74a1d25fb796e1

PODFILE CHECKSUM: 2363ac7fb1ae0831feb95a0bf3dfeb6613489fa6

COCOAPODS: 1.7.5
